
Microsoft Visual Studio Solution File, Format Version 12.00
# Visual Studio Version 16
VisualStudioVersion = 16.0.29306.81
MinimumVisualStudioVersion = 10.0.40219.1
Project("{8BC9CEB8-8B4A-11D0-8D11-00A0C91BC942}") = "comp477a1", "comp477a1\comp477a1.vcxproj", "{6DC843A6-F643-4A88-A6A7-489F4BBF95EB}"
EndProject
Global
	GlobalSection(SolutionConfigurationPlatforms) = preSolution
		Debug|x64 = Debug|x64
		Debug|x86 = Debug|x86
		Release|x64 = Release|x64
		Release|x86 = Release|x86
	EndGlobalSection
	GlobalSection(ProjectConfigurationPlatforms) = postSolution
		{6DC843A6-F643-4A88-A6A7-489F4BBF95EB}.Debug|x64.ActiveCfg = Debug|x64
		{6DC843A6-F643-4A88-A6A7-489F4BBF95EB}.Debug|x64.Build.0 = Debug|x64
		{6DC843A6-F643-4A88-A6A7-489F4BBF95EB}.Debug|x86.ActiveCfg = Debug|Win32
		{6DC843A6-F643-4A88-A6A7-489F4BBF95EB}.Debug|x86.Build.0 = Debug|Win32
		{6DC843A6-F643-4A88-A6A7-489F4BBF95EB}.Release|x64.ActiveCfg = Release|x64
		{6DC843A6-F643-4A88-A6A7-489F4BBF95EB}.Release|x64.Build.0 = Release|x64
		{6DC843A6-F643-4A88-A6A7-489F4BBF95EB}.Release|x86.ActiveCfg = Release|Win32
		{6DC843A6-F643-4A88-A6A7-489F4BBF95EB}.Release|x86.Build.0 = Release|Win32
	EndGlobalSection
	GlobalSection(SolutionProperties) = preSolution
		HideSolutionNode = FALSE
	EndGlobalSection
	GlobalSection(ExtensibilityGlobals) = postSolution
		SolutionGuid = {BE59546F-FE26-4039-A69A-BF1F97537354}
	EndGlobalSection
EndGlobal
